# This file is automatically @generated by Poetry 2.2.1 and should not be changed by hand.

[[package]]
name = "agent-platform"
version = "0.1.0"
description = "Capability-oriented AI agent platform MVP"
optional = false
python-versions = ">=3.11,<3.12"
groups = ["main"]
files = []
develop = true

[package.dependencies]
ai-infra = {path = "../../libs/ai_infra", develop = true}

[package.source]
type = "directory"
url = "../agent_platform"

[[package]]
name = "ai-infra"
version = "0.1.0"
description = "Capability-oriented agent platform runtime primitives"
optional = false
python-versions = ">=3.11,<3.12"
groups = ["main"]
files = []
develop = true

[package.source]
type = "directory"
url = "../../libs/ai_infra"

[metadata]
lock-version = "2.1"
python-versions = ">=3.11,<3.12"
content-hash = "04291b8d6e84e193e48b11eea153131724a8a8602acba7627e0a7042a3a29e75"
