# This file is automatically @generated by Poetry 2.2.1 and should not be changed by hand.

[[package]]
name = "ai-infra"
version = "0.1.0"
description = "Capability-oriented agent platform runtime primitives"
optional = false
python-versions = ">=3.11,<3.12"
groups = ["main"]
files = []
develop = true

[package.source]
type = "directory"
url = "../ai_infra"

[metadata]
lock-version = "2.1"
python-versions = ">=3.11,<3.12"
content-hash = "d965a4c9f2ad083d5a1afd02e03aaedb9de29b08e28e501a85c9a94f9c7ac051"
