# This file is automatically @generated by Poetry 2.2.1 and should not be changed by hand.

[[package]]
name = "ai-infra"
version = "0.1.0"
description = "Capability-oriented agent platform runtime primitives"
optional = false
python-versions = ">=3.11,<3.12"
groups = ["main"]
files = []
develop = true

[package.source]
type = "directory"
url = "../../libs/ai_infra"

[metadata]
lock-version = "2.1"
python-versions = ">=3.11,<3.12"
content-hash = "36268fc061302e000107fd20d1b0dc1d5e251bc2fc3cd94553deb737b50d4731"
