# This file is automatically @generated by Poetry 2.2.1 and should not be changed by hand.

[[package]]
name = "agent-platform"
version = "0.1.0"
description = "Capability-oriented AI agent platform MVP"
optional = false
python-versions = ">=3.11,<3.12"
groups = ["main"]
files = []
develop = true

[package.dependencies]
ai-infra = {path = "../../libs/ai_infra", develop = true}

[package.source]
type = "directory"
url = "../../libs/agent_platform"

[[package]]
name = "ai-infra"
version = "0.1.0"
description = "Capability-oriented agent platform runtime primitives"
optional = false
python-versions = ">=3.11,<3.12"
groups = ["main"]
files = []
develop = true

[package.source]
type = "directory"
url = "../../libs/ai_infra"

[metadata]
lock-version = "2.1"
python-versions = ">=3.11,<3.12"
content-hash = "24aa783fffb02ef9607fac3337e5d158f0cf222d40c4ec5125c9e3b9212b0781"
