# This file is automatically @generated by Poetry 2.2.1 and should not be changed by hand.

[[package]]
name = "agent-platform"
version = "0.1.0"
description = "Capability-oriented AI agent platform MVP"
optional = false
python-versions = "==3.11.14"
groups = ["main"]
files = []
develop = false

[package.dependencies]
agent-settings = {path = "../settings"}
ai-infra = {path = "../core"}

[package.source]
type = "directory"
url = "../../libs/agent/platform"

[[package]]
name = "agent-settings"
version = "0.1.0"
description = "Shared settings-provider abstractions for the agent stack"
optional = false
python-versions = "==3.11.14"
groups = ["main"]
files = []
develop = false

[package.source]
type = "directory"
url = "../../libs/agent/settings"

[[package]]
name = "ai-infra"
version = "0.1.0"
description = "Capability-oriented agent platform runtime primitives"
optional = false
python-versions = "==3.11.14"
groups = ["main"]
files = []
develop = false

[package.source]
type = "directory"
url = "../../libs/agent/core"

[metadata]
lock-version = "2.1"
python-versions = "==3.11.14"
content-hash = "39ad715a1a1cf1b1d3215061b2d0f4080aa70fe7f91f141be35b9d937caceeb2"
