# This file is automatically @generated by Poetry 2.2.1 and should not be changed by hand.

[[package]]
name = "ai-infra"
version = "0.1.0"
description = "Capability-oriented agent platform runtime primitives"
optional = false
python-versions = "==3.11.14"
groups = ["main"]
files = []
develop = false

[package.source]
type = "directory"
url = "../ai_infra"

[metadata]
lock-version = "2.1"
python-versions = "==3.11.14"
content-hash = "92e12c8eceed2c0b8963b4a640dccdc2b53f7d0fbb47229d5d3c339ce15a4687"
